
Microsoft Visual Studio Solution File, Format Version 12.00
# Visual Studio Version 17
VisualStudioVersion = 17.5.33627.172
MinimumVisualStudioVersion = 10.0.40219.1
Project("{9A19103F-16F7-4668-BE54-9A1E7A4F7556}") = "CRUD.UI", "CRUD.UI\CRUD.UI.csproj", "{EC8E6EB4-CF02-4062-80C2-6DB06539358F}"
EndProject
Project("{2150E333-8FDC-42A3-9474-1A3956D46DE8}") = "tests", "tests", "{41D418A7-604F-4462-AB70-FCC4305C4AA0}"
EndProject
Project("{2150E333-8FDC-42A3-9474-1A3956D46DE8}") = "src", "src", "{2B1086E2-9FB5-4E29-8A4F-FAA12D3AC6BF}"
EndProject
Project("{9A19103F-16F7-4668-BE54-9A1E7A4F7556}") = "CRUD.Core", "CRUD.Core\CRUD.Core.csproj", "{737B2237-2752-4655-B8AC-7CFEF9A35F6C}"
EndProject
Project("{9A19103F-16F7-4668-BE54-9A1E7A4F7556}") = "CRUD.Infrastructure", "CRUD.Infrastructure\CRUD.Infrastructure.csproj", "{AE1DBFA2-9F49-4A13-86DA-4D985517F68F}"
EndProject
Project("{9A19103F-16F7-4668-BE54-9A1E7A4F7556}") = "CRUD.ControllerTests", "CRUD.ControllerTests\CRUD.ControllerTests.csproj", "{FD576CC5-2861-45B0-81B1-E1CDE5E7516C}"
EndProject
Project("{9A19103F-16F7-4668-BE54-9A1E7A4F7556}") = "CRUD.IntegrationTests", "CRUD.IntegrationTests\CRUD.IntegrationTests.csproj", "{8A46AAE7-C7BF-4232-BFF1-39E6A5B42DAB}"
EndProject
Project("{FAE04EC0-301F-11D3-BF4B-00C04F79EFBC}") = "CRUD.Tests", "CRUD.Tests\CRUD.Tests.csproj", "{AB7EF59E-4221-43E5-A5B4-7EACFC24807B}"
EndProject
Global
	GlobalSection(SolutionConfigurationPlatforms) = preSolution
		Debug|Any CPU = Debug|Any CPU
		Release|Any CPU = Release|Any CPU
	EndGlobalSection
	GlobalSection(ProjectConfigurationPlatforms) = postSolution
		{EC8E6EB4-CF02-4062-80C2-6DB06539358F}.Debug|Any CPU.ActiveCfg = Debug|Any CPU
		{EC8E6EB4-CF02-4062-80C2-6DB06539358F}.Debug|Any CPU.Build.0 = Debug|Any CPU
		{EC8E6EB4-CF02-4062-80C2-6DB06539358F}.Release|Any CPU.ActiveCfg = Release|Any CPU
		{EC8E6EB4-CF02-4062-80C2-6DB06539358F}.Release|Any CPU.Build.0 = Release|Any CPU
		{737B2237-2752-4655-B8AC-7CFEF9A35F6C}.Debug|Any CPU.ActiveCfg = Debug|Any CPU
		{737B2237-2752-4655-B8AC-7CFEF9A35F6C}.Debug|Any CPU.Build.0 = Debug|Any CPU
		{737B2237-2752-4655-B8AC-7CFEF9A35F6C}.Release|Any CPU.ActiveCfg = Release|Any CPU
		{737B2237-2752-4655-B8AC-7CFEF9A35F6C}.Release|Any CPU.Build.0 = Release|Any CPU
		{AE1DBFA2-9F49-4A13-86DA-4D985517F68F}.Debug|Any CPU.ActiveCfg = Debug|Any CPU
		{AE1DBFA2-9F49-4A13-86DA-4D985517F68F}.Debug|Any CPU.Build.0 = Debug|Any CPU
		{AE1DBFA2-9F49-4A13-86DA-4D985517F68F}.Release|Any CPU.ActiveCfg = Release|Any CPU
		{AE1DBFA2-9F49-4A13-86DA-4D985517F68F}.Release|Any CPU.Build.0 = Release|Any CPU
		{FD576CC5-2861-45B0-81B1-E1CDE5E7516C}.Debug|Any CPU.ActiveCfg = Debug|Any CPU
		{FD576CC5-2861-45B0-81B1-E1CDE5E7516C}.Debug|Any CPU.Build.0 = Debug|Any CPU
		{FD576CC5-2861-45B0-81B1-E1CDE5E7516C}.Release|Any CPU.ActiveCfg = Release|Any CPU
		{FD576CC5-2861-45B0-81B1-E1CDE5E7516C}.Release|Any CPU.Build.0 = Release|Any CPU
		{8A46AAE7-C7BF-4232-BFF1-39E6A5B42DAB}.Debug|Any CPU.ActiveCfg = Debug|Any CPU
		{8A46AAE7-C7BF-4232-BFF1-39E6A5B42DAB}.Debug|Any CPU.Build.0 = Debug|Any CPU
		{8A46AAE7-C7BF-4232-BFF1-39E6A5B42DAB}.Release|Any CPU.ActiveCfg = Release|Any CPU
		{8A46AAE7-C7BF-4232-BFF1-39E6A5B42DAB}.Release|Any CPU.Build.0 = Release|Any CPU
		{AB7EF59E-4221-43E5-A5B4-7EACFC24807B}.Debug|Any CPU.ActiveCfg = Debug|Any CPU
		{AB7EF59E-4221-43E5-A5B4-7EACFC24807B}.Debug|Any CPU.Build.0 = Debug|Any CPU
		{AB7EF59E-4221-43E5-A5B4-7EACFC24807B}.Release|Any CPU.ActiveCfg = Release|Any CPU
		{AB7EF59E-4221-43E5-A5B4-7EACFC24807B}.Release|Any CPU.Build.0 = Release|Any CPU
	EndGlobalSection
	GlobalSection(SolutionProperties) = preSolution
		HideSolutionNode = FALSE
	EndGlobalSection
	GlobalSection(NestedProjects) = preSolution
		{EC8E6EB4-CF02-4062-80C2-6DB06539358F} = {2B1086E2-9FB5-4E29-8A4F-FAA12D3AC6BF}
		{737B2237-2752-4655-B8AC-7CFEF9A35F6C} = {2B1086E2-9FB5-4E29-8A4F-FAA12D3AC6BF}
		{AE1DBFA2-9F49-4A13-86DA-4D985517F68F} = {2B1086E2-9FB5-4E29-8A4F-FAA12D3AC6BF}
		{FD576CC5-2861-45B0-81B1-E1CDE5E7516C} = {41D418A7-604F-4462-AB70-FCC4305C4AA0}
		{8A46AAE7-C7BF-4232-BFF1-39E6A5B42DAB} = {41D418A7-604F-4462-AB70-FCC4305C4AA0}
		{AB7EF59E-4221-43E5-A5B4-7EACFC24807B} = {41D418A7-604F-4462-AB70-FCC4305C4AA0}
	EndGlobalSection
	GlobalSection(ExtensibilityGlobals) = postSolution
		SolutionGuid = {5C928679-B96F-4C1C-AB37-8C4B1B5BBD40}
	EndGlobalSection
EndGlobal
